
Microsoft Visual Studio Solution File, Format Version 12.00
# Visual Studio Version 16
VisualStudioVersion = 16.0.29215.179
MinimumVisualStudioVersion = 10.0.40219.1
Project("{FAE04EC0-301F-11D3-BF4B-00C04F79EFBC}") = "CriacaoUsuarios", "CriacaoUsuario\CriacaoUsuarios.csproj", "{457A639C-632D-49DA-89A8-3265981DE2DA}"
EndProject
Global
	GlobalSection(SolutionConfigurationPlatforms) = preSolution
		Debug|Any CPU = Debug|Any CPU
		Release|Any CPU = Release|Any CPU
	EndGlobalSection
	GlobalSection(ProjectConfigurationPlatforms) = postSolution
		{457A639C-632D-49DA-89A8-3265981DE2DA}.Debug|Any CPU.ActiveCfg = Debug|Any CPU
		{457A639C-632D-49DA-89A8-3265981DE2DA}.Debug|Any CPU.Build.0 = Debug|Any CPU
		{457A639C-632D-49DA-89A8-3265981DE2DA}.Release|Any CPU.ActiveCfg = Release|Any CPU
		{457A639C-632D-49DA-89A8-3265981DE2DA}.Release|Any CPU.Build.0 = Release|Any CPU
	EndGlobalSection
	GlobalSection(SolutionProperties) = preSolution
		HideSolutionNode = FALSE
	EndGlobalSection
	GlobalSection(ExtensibilityGlobals) = postSolution
		SolutionGuid = {83BB117F-D197-46A5-A99C-0BC094769278}
	EndGlobalSection
EndGlobal
